
Microsoft Visual Studio Solution File, Format Version 12.00
# Visual Studio Version 16
VisualStudioVersion = 16.0.30002.166
MinimumVisualStudioVersion = 10.0.40219.1
Project("{FAE04EC0-301F-11D3-BF4B-00C04F79EFBC}") = "SudokuSolver", "SudokuSolver\SudokuSolver.csproj", "{B22DDB70-0E6A-4E6A-A448-A8BA0EAD17F2}"
EndProject
Global
	GlobalSection(SolutionConfigurationPlatforms) = preSolution
		Debug|Any CPU = Debug|Any CPU
		Release|Any CPU = Release|Any CPU
	EndGlobalSection
	GlobalSection(ProjectConfigurationPlatforms) = postSolution
		{B22DDB70-0E6A-4E6A-A448-A8BA0EAD17F2}.Debug|Any CPU.ActiveCfg = Debug|Any CPU
		{B22DDB70-0E6A-4E6A-A448-A8BA0EAD17F2}.Debug|Any CPU.Build.0 = Debug|Any CPU
		{B22DDB70-0E6A-4E6A-A448-A8BA0EAD17F2}.Release|Any CPU.ActiveCfg = Release|Any CPU
		{B22DDB70-0E6A-4E6A-A448-A8BA0EAD17F2}.Release|Any CPU.Build.0 = Release|Any CPU
	EndGlobalSection
	GlobalSection(SolutionProperties) = preSolution
		HideSolutionNode = FALSE
	EndGlobalSection
	GlobalSection(ExtensibilityGlobals) = postSolution
		SolutionGuid = {868F69ED-1517-46BF-99CA-BF34BAE022EE}
	EndGlobalSection
EndGlobal
